
Microsoft Visual Studio Solution File, Format Version 12.00
# Visual Studio Version 17
VisualStudioVersion = 17.3.32901.215
MinimumVisualStudioVersion = 10.0.40219.1
Project("{FAE04EC0-301F-11D3-BF4B-00C04F79EFBC}") = "DSTUSign", "DSTUSign.csproj", "{7C010993-20DB-4E3E-92BA-954344E6BF43}"
EndProject
Global
	GlobalSection(SolutionConfigurationPlatforms) = preSolution
		Debug|Any CPU = Debug|Any CPU
		Release|Any CPU = Release|Any CPU
	EndGlobalSection
	GlobalSection(ProjectConfigurationPlatforms) = postSolution
		{7C010993-20DB-4E3E-92BA-954344E6BF43}.Debug|Any CPU.ActiveCfg = Debug|Any CPU
		{7C010993-20DB-4E3E-92BA-954344E6BF43}.Debug|Any CPU.Build.0 = Debug|Any CPU
		{7C010993-20DB-4E3E-92BA-954344E6BF43}.Release|Any CPU.ActiveCfg = Release|Any CPU
		{7C010993-20DB-4E3E-92BA-954344E6BF43}.Release|Any CPU.Build.0 = Release|Any CPU
	EndGlobalSection
	GlobalSection(SolutionProperties) = preSolution
		HideSolutionNode = FALSE
	EndGlobalSection
	GlobalSection(ExtensibilityGlobals) = postSolution
		SolutionGuid = {44467E6A-EF33-446C-8B15-2B54017CFCF3}
	EndGlobalSection
EndGlobal
